// !$*UTF8*$!
{
	archiveVersion = 1;
	classes = {
	};
	objectVersion = 50;
	objects = {

/* Begin PBXBuildFile section */
		406AC4CE2209A3BA00E490F8 /* User.swift in Sources */ = {isa = PBXBuildFile; fileRef = 406AC4CD2209A3BA00E490F8 /* User.swift */; };
		406AC4D02209AD8E00E490F8 /* GoogleService-Info.plist in Resources */ = {isa = PBXBuildFile; fileRef = 406AC4CF2209AD8E00E490F8 /* GoogleService-Info.plist */; };
		40CF494A22099AE500AEAFB5 /* AppDelegate.swift in Sources */ = {isa = PBXBuildFile; fileRef = 40CF494922099AE500AEAFB5 /* AppDelegate.swift */; };
		40CF494C22099AE500AEAFB5 /* SignUpViewController.swift in Sources */ = {isa = PBXBuildFile; fileRef = 40CF494B22099AE500AEAFB5 /* SignUpViewController.swift */; };
		40CF494F22099AE500AEAFB5 /* Main.storyboard in Resources */ = {isa = PBXBuildFile; fileRef = 40CF494D22099AE500AEAFB5 /* Main.storyboard */; };
		40CF495122099AE700AEAFB5 /* Assets.xcassets in Resources */ = {isa = PBXBuildFile; fileRef = 40CF495022099AE700AEAFB5 /* Assets.xcassets */; };
		40CF495422099AE700AEAFB5 /* LaunchScreen.storyboard in Resources */ = {isa = PBXBuildFile; fileRef = 40CF495222099AE700AEAFB5 /* LaunchScreen.storyboard */; };
		40CF495F22099AE700AEAFB5 /* SampleChatAppTests.swift in Sources */ = {isa = PBXBuildFile; fileRef = 40CF495E22099AE700AEAFB5 /* SampleChatAppTests.swift */; };
		40CF496A22099AE700AEAFB5 /* SampleChatAppUITests.swift in Sources */ = {isa = PBXBuildFile; fileRef = 40CF496922099AE700AEAFB5 /* SampleChatAppUITests.swift */; };
		40CF497922099BD600AEAFB5 /* ShowViewController.swift in Sources */ = {isa = PBXBuildFile; fileRef = 40CF497822099BD600AEAFB5 /* ShowViewController.swift */; };
		40CF497B22099BDE00AEAFB5 /* PostViewController.swift in Sources */ = {isa = PBXBuildFile; fileRef = 40CF497A22099BDE00AEAFB5 /* PostViewController.swift */; };
		5817791C22BFC3239ED78A3C /* Pods_SampleChatApp.framework in Frameworks */ = {isa = PBXBuildFile; fileRef = 9A35BD6BEB913DC267AD5E00 /* Pods_SampleChatApp.framework */; };
/* End PBXBuildFile section */

/* Begin PBXContainerItemProxy section */
		40CF495B22099AE700AEAFB5 /* PBXContainerItemProxy */ = {
			isa = PBXContainerItemProxy;
			containerPortal = 40CF493E22099AE500AEAFB5 /* Project object */;
			proxyType = 1;
			remoteGlobalIDString = 40CF494522099AE500AEAFB5;
			remoteInfo = SampleChatApp;
		};
		40CF496622099AE700AEAFB5 /* PBXContainerItemProxy */ = {
			isa = PBXContainerItemProxy;
			containerPortal = 40CF493E22099AE500AEAFB5 /* Project object */;
			proxyType = 1;
			remoteGlobalIDString = 40CF494522099AE500AEAFB5;
			remoteInfo = SampleChatApp;
		};
/* End PBXContainerItemProxy section */

/* Begin PBXFileReference section */
		406AC4CD2209A3BA00E490F8 /* User.swift */ = {isa = PBXFileReference; lastKnownFileType = sourcecode.swift; path = User.swift; sourceTree = "<group>"; };
		406AC4CF2209AD8E00E490F8 /* GoogleService-Info.plist */ = {isa = PBXFileReference; fileEncoding = 4; lastKnownFileType = text.plist.xml; path = "GoogleService-Info.plist"; sourceTree = "<group>"; };
		40CF494622099AE500AEAFB5 /* SampleChatApp.app */ = {isa = PBXFileReference; explicitFileType = wrapper.application; includeInIndex = 0; path = SampleChatApp.app; sourceTree = BUILT_PRODUCTS_DIR; };
		40CF494922099AE500AEAFB5 /* AppDelegate.swift */ = {isa = PBXFileReference; lastKnownFileType = sourcecode.swift; path = AppDelegate.swift; sourceTree = "<group>"; };
		40CF494B22099AE500AEAFB5 /* SignUpViewController.swift */ = {isa = PBXFileReference; lastKnownFileType = sourcecode.swift; path = SignUpViewController.swift; sourceTree = "<group>"; };
		40CF494E22099AE500AEAFB5 /* Base */ = {isa = PBXFileReference; lastKnownFileType = file.storyboard; name = Base; path = Base.lproj/Main.storyboard; sourceTree = "<group>"; };
		40CF495022099AE700AEAFB5 /* Assets.xcassets */ = {isa = PBXFileReference; lastKnownFileType = folder.assetcatalog; path = Assets.xcassets; sourceTree = "<group>"; };
		40CF495322099AE700AEAFB5 /* Base */ = {isa = PBXFileReference; lastKnownFileType = file.storyboard; name = Base; path = Base.lproj/LaunchScreen.storyboard; sourceTree = "<group>"; };
		40CF495522099AE700AEAFB5 /* Info.plist */ = {isa = PBXFileReference; lastKnownFileType = text.plist.xml; path = Info.plist; sourceTree = "<group>"; };
		40CF495A22099AE700AEAFB5 /* SampleChatAppTests.xctest */ = {isa = PBXFileReference; explicitFileType = wrapper.cfbundle; includeInIndex = 0; path = SampleChatAppTests.xctest; sourceTree = BUILT_PRODUCTS_DIR; };
		40CF495E22099AE700AEAFB5 /* SampleChatAppTests.swift */ = {isa = PBXFileReference; lastKnownFileType = sourcecode.swift; path = SampleChatAppTests.swift; sourceTree = "<group>"; };
		40CF496022099AE700AEAFB5 /* Info.plist */ = {isa = PBXFileReference; lastKnownFileType = text.plist.xml; path = Info.plist; sourceTree = "<group>"; };
		40CF496522099AE700AEAFB5 /* SampleChatAppUITests.xctest */ = {isa = PBXFileReference; explicitFileType = wrapper.cfbundle; includeInIndex = 0; path = SampleChatAppUITests.xctest; sourceTree = BUILT_PRODUCTS_DIR; };
		40CF496922099AE700AEAFB5 /* SampleChatAppUITests.swift */ = {isa = PBXFileReference; lastKnownFileType = sourcecode.swift; path = SampleChatAppUITests.swift; sourceTree = "<group>"; };
		40CF496B22099AE700AEAFB5 /* Info.plist */ = {isa = PBXFileReference; lastKnownFileType = text.plist.xml; path = Info.plist; sourceTree = "<group>"; };
		40CF497822099BD600AEAFB5 /* ShowViewController.swift */ = {isa = PBXFileReference; lastKnownFileType = sourcecode.swift; path = ShowViewController.swift; sourceTree = "<group>"; };
		40CF497A22099BDE00AEAFB5 /* PostViewController.swift */ = {isa = PBXFileReference; lastKnownFileType = sourcecode.swift; path = PostViewController.swift; sourceTree = "<group>"; };
		546D333760860F862A8EFF11 /* Pods-SampleChatApp.release.xcconfig */ = {isa = PBXFileReference; includeInIndex = 1; lastKnownFileType = text.xcconfig; name = "Pods-SampleChatApp.release.xcconfig"; path = "Pods/Target Support Files/Pods-SampleChatApp/Pods-SampleChatApp.release.xcconfig"; sourceTree = "<group>"; };
		9A35BD6BEB913DC267AD5E00 /* Pods_SampleChatApp.framework */ = {isa = PBXFileReference; explicitFileType = wrapper.framework; includeInIndex = 0; path = Pods_SampleChatApp.framework; sourceTree = BUILT_PRODUCTS_DIR; };
		E9E6579FB52DD49A91709EFA /* Pods-SampleChatApp.debug.xcconfig */ = {isa = PBXFileReference; includeInIndex = 1; lastKnownFileType = text.xcconfig; name = "Pods-SampleChatApp.debug.xcconfig"; path = "Pods/Target Support Files/Pods-SampleChatApp/Pods-SampleChatApp.debug.xcconfig"; sourceTree = "<group>"; };
/* End PBXFileReference section */

/* Begin PBXFrameworksBuildPhase section */
		40CF494322099AE500AEAFB5 /* Frameworks */ = {
			isa = PBXFrameworksBuildPhase;
			buildActionMask = 2147483647;
			files = (
				5817791C22BFC3239ED78A3C /* Pods_SampleChatApp.framework in Frameworks */,
			);
			runOnlyForDeploymentPostprocessing = 0;
		};
		40CF495722099AE700AEAFB5 /* Frameworks */ = {
			isa = PBXFrameworksBuildPhase;
			buildActionMask = 2147483647;
			files = (
			);
			runOnlyForDeploymentPostprocessing = 0;
		};
		40CF496222099AE700AEAFB5 /* Frameworks */ = {
			isa = PBXFrameworksBuildPhase;
			buildActionMask = 2147483647;
			files = (
			);
			runOnlyForDeploymentPostprocessing = 0;
		};
/* End PBXFrameworksBuildPhase section */

/* Begin PBXGroup section */
		406AC4CA2209A36700E490F8 /* Model */ = {
			isa = PBXGroup;
			children = (
				406AC4CD2209A3BA00E490F8 /* User.swift */,
			);
			path = Model;
			sourceTree = "<group>";
		};
		40CF493D22099AE500AEAFB5 = {
			isa = PBXGroup;
			children = (
				40CF494822099AE500AEAFB5 /* SampleChatApp */,
				40CF495D22099AE700AEAFB5 /* SampleChatAppTests */,
				40CF496822099AE700AEAFB5 /* SampleChatAppUITests */,
				40CF494722099AE500AEAFB5 /* Products */,
				B787EBAEDB9CD79BD1C69399 /* Pods */,
				4709667C7ADF65234B8C79CF /* Frameworks */,
			);
			sourceTree = "<group>";
		};
		40CF494722099AE500AEAFB5 /* Products */ = {
			isa = PBXGroup;
			children = (
				40CF494622099AE500AEAFB5 /* SampleChatApp.app */,
				40CF495A22099AE700AEAFB5 /* SampleChatAppTests.xctest */,
				40CF496522099AE700AEAFB5 /* SampleChatAppUITests.xctest */,
			);
			name = Products;
			sourceTree = "<group>";
		};
		40CF494822099AE500AEAFB5 /* SampleChatApp */ = {
			isa = PBXGroup;
			children = (
				406AC4CF2209AD8E00E490F8 /* GoogleService-Info.plist */,
				406AC4CA2209A36700E490F8 /* Model */,
				40CF497722099B6400AEAFB5 /* ViewController */,
				40CF494922099AE500AEAFB5 /* AppDelegate.swift */,
				40CF494D22099AE500AEAFB5 /* Main.storyboard */,
				40CF495022099AE700AEAFB5 /* Assets.xcassets */,
				40CF495222099AE700AEAFB5 /* LaunchScreen.storyboard */,
				40CF495522099AE700AEAFB5 /* Info.plist */,
			);
			path = SampleChatApp;
			sourceTree = "<group>";
		};
		40CF495D22099AE700AEAFB5 /* SampleChatAppTests */ = {
			isa = PBXGroup;
			children = (
				40CF495E22099AE700AEAFB5 /* SampleChatAppTests.swift */,
				40CF496022099AE700AEAFB5 /* Info.plist */,
			);
			path = SampleChatAppTests;
			sourceTree = "<group>";
		};
		40CF496822099AE700AEAFB5 /* SampleChatAppUITests */ = {
			isa = PBXGroup;
			children = (
				40CF496922099AE700AEAFB5 /* SampleChatAppUITests.swift */,
				40CF496B22099AE700AEAFB5 /* Info.plist */,
			);
			path = SampleChatAppUITests;
			sourceTree = "<group>";
		};
		40CF497722099B6400AEAFB5 /* ViewController */ = {
			isa = PBXGroup;
			children = (
				40CF494B22099AE500AEAFB5 /* SignUpViewController.swift */,
				40CF497822099BD600AEAFB5 /* ShowViewController.swift */,
				40CF497A22099BDE00AEAFB5 /* PostViewController.swift */,
			);
			path = ViewController;
			sourceTree = "<group>";
		};
		4709667C7ADF65234B8C79CF /* Frameworks */ = {
			isa = PBXGroup;
			children = (
				9A35BD6BEB913DC267AD5E00 /* Pods_SampleChatApp.framework */,
			);
			name = Frameworks;
			sourceTree = "<group>";
		};
		B787EBAEDB9CD79BD1C69399 /* Pods */ = {
			isa = PBXGroup;
			children = (
				E9E6579FB52DD49A91709EFA /* Pods-SampleChatApp.debug.xcconfig */,
				546D333760860F862A8EFF11 /* Pods-SampleChatApp.release.xcconfig */,
			);
			name = Pods;
			sourceTree = "<group>";
		};
/* End PBXGroup section */

/* Begin PBXNativeTarget section */
		40CF494522099AE500AEAFB5 /* SampleChatApp */ = {
			isa = PBXNativeTarget;
			buildConfigurationList = 40CF496E22099AE700AEAFB5 /* Build configuration list for PBXNativeTarget "SampleChatApp" */;
			buildPhases = (
				BE9CBF3F6476A334A3C49B55 /* [CP] Check Pods Manifest.lock */,
				40CF494222099AE500AEAFB5 /* Sources */,
				40CF494322099AE500AEAFB5 /* Frameworks */,
				40CF494422099AE500AEAFB5 /* Resources */,
				BC09BC6BAA10D5C9F0356259 /* [CP] Embed Pods Frameworks */,
			);
			buildRules = (
			);
			dependencies = (
			);
			name = SampleChatApp;
			productName = SampleChatApp;
			productReference = 40CF494622099AE500AEAFB5 /* SampleChatApp.app */;
			productType = "com.apple.product-type.application";
		};
		40CF495922099AE700AEAFB5 /* SampleChatAppTests */ = {
			isa = PBXNativeTarget;
			buildConfigurationList = 40CF497122099AE700AEAFB5 /* Build configuration list for PBXNativeTarget "SampleChatAppTests" */;
			buildPhases = (
				40CF495622099AE700AEAFB5 /* Sources */,
				40CF495722099AE700AEAFB5 /* Frameworks */,
				40CF495822099AE700AEAFB5 /* Resources */,
			);
			buildRules = (
			);
			dependencies = (
				40CF495C22099AE700AEAFB5 /* PBXTargetDependency */,
			);
			name = SampleChatAppTests;
			productName = SampleChatAppTests;
			productReference = 40CF495A22099AE700AEAFB5 /* SampleChatAppTests.xctest */;
			productType = "com.apple.product-type.bundle.unit-test";
		};
		40CF496422099AE700AEAFB5 /* SampleChatAppUITests */ = {
			isa = PBXNativeTarget;
			buildConfigurationList = 40CF497422099AE700AEAFB5 /* Build configuration list for PBXNativeTarget "SampleChatAppUITests" */;
			buildPhases = (
				40CF496122099AE700AEAFB5 /* Sources */,
				40CF496222099AE700AEAFB5 /* Frameworks */,
				40CF496322099AE700AEAFB5 /* Resources */,
			);
			buildRules = (
			);
			dependencies = (
				40CF496722099AE700AEAFB5 /* PBXTargetDependency */,
			);
			name = SampleChatAppUITests;
			productName = SampleChatAppUITests;
			productReference = 40CF496522099AE700AEAFB5 /* SampleChatAppUITests.xctest */;
			productType = "com.apple.product-type.bundle.ui-testing";
		};
/* End PBXNativeTarget section */

/* Begin PBXProject section */
		40CF493E22099AE500AEAFB5 /* Project object */ = {
			isa = PBXProject;
			attributes = {
				LastSwiftUpdateCheck = 1010;
				LastUpgradeCheck = 1010;
				ORGANIZATIONNAME = "原田摩利奈";
				TargetAttributes = {
					40CF494522099AE500AEAFB5 = {
						CreatedOnToolsVersion = 10.1;
					};
					40CF495922099AE700AEAFB5 = {
						CreatedOnToolsVersion = 10.1;
						TestTargetID = 40CF494522099AE500AEAFB5;
					};
					40CF496422099AE700AEAFB5 = {
						CreatedOnToolsVersion = 10.1;
						TestTargetID = 40CF494522099AE500AEAFB5;
					};
				};
			};
			buildConfigurationList = 40CF494122099AE500AEAFB5 /* Build configuration list for PBXProject "SampleChatApp" */;
			compatibilityVersion = "Xcode 9.3";
			developmentRegion = en;
			hasScannedForEncodings = 0;
			knownRegions = (
				en,
				Base,
			);
			mainGroup = 40CF493D22099AE500AEAFB5;
			productRefGroup = 40CF494722099AE500AEAFB5 /* Products */;
			projectDirPath = "";
			projectRoot = "";
			targets = (
				40CF494522099AE500AEAFB5 /* SampleChatApp */,
				40CF495922099AE700AEAFB5 /* SampleChatAppTests */,
				40CF496422099AE700AEAFB5 /* SampleChatAppUITests */,
			);
		};
/* End PBXProject section */

/* Begin PBXResourcesBuildPhase section */
		40CF494422099AE500AEAFB5 /* Resources */ = {
			isa = PBXResourcesBuildPhase;
			buildActionMask = 2147483647;
			files = (
				40CF495422099AE700AEAFB5 /* LaunchScreen.storyboard in Resources */,
				406AC4D02209AD8E00E490F8 /* GoogleService-Info.plist in Resources */,
				40CF495122099AE700AEAFB5 /* Assets.xcassets in Resources */,
				40CF494F22099AE500AEAFB5 /* Main.storyboard in Resources */,
			);
			runOnlyForDeploymentPostprocessing = 0;
		};
		40CF495822099AE700AEAFB5 /* Resources */ = {
			isa = PBXResourcesBuildPhase;
			buildActionMask = 2147483647;
			files = (
			);
			runOnlyForDeploymentPostprocessing = 0;
		};
		40CF496322099AE700AEAFB5 /* Resources */ = {
			isa = PBXResourcesBuildPhase;
			buildActionMask = 2147483647;
			files = (
			);
			runOnlyForDeploymentPostprocessing = 0;
		};
/* End PBXResourcesBuildPhase section */

/* Begin PBXShellScriptBuildPhase section */
		BC09BC6BAA10D5C9F0356259 /* [CP] Embed Pods Frameworks */ = {
			isa = PBXShellScriptBuildPhase;
			buildActionMask = 2147483647;
			files = (
			);
			inputFileListPaths = (
			);
			inputPaths = (
				"${SRCROOT}/Pods/Target Support Files/Pods-SampleChatApp/Pods-SampleChatApp-frameworks.sh",
				"${BUILT_PRODUCTS_DIR}/GoogleUtilities/GoogleUtilities.framework",
				"${BUILT_PRODUCTS_DIR}/Realm/Realm.framework",
				"${BUILT_PRODUCTS_DIR}/RealmSwift/RealmSwift.framework",
				"${BUILT_PRODUCTS_DIR}/leveldb-library/leveldb.framework",
				"${BUILT_PRODUCTS_DIR}/nanopb/nanopb.framework",
			);
			name = "[CP] Embed Pods Frameworks";
			outputFileListPaths = (
			);
			outputPaths = (
				"${TARGET_BUILD_DIR}/${FRAMEWORKS_FOLDER_PATH}/GoogleUtilities.framework",
				"${TARGET_BUILD_DIR}/${FRAMEWORKS_FOLDER_PATH}/Realm.framework",
				"${TARGET_BUILD_DIR}/${FRAMEWORKS_FOLDER_PATH}/RealmSwift.framework",
				"${TARGET_BUILD_DIR}/${FRAMEWORKS_FOLDER_PATH}/leveldb.framework",
				"${TARGET_BUILD_DIR}/${FRAMEWORKS_FOLDER_PATH}/nanopb.framework",
			);
			runOnlyForDeploymentPostprocessing = 0;
			shellPath = /bin/sh;
			shellScript = "\"${SRCROOT}/Pods/Target Support Files/Pods-SampleChatApp/Pods-SampleChatApp-frameworks.sh\"\n";
			showEnvVarsInLog = 0;
		};
		BE9CBF3F6476A334A3C49B55 /* [CP] Check Pods Manifest.lock */ = {
			isa = PBXShellScriptBuildPhase;
			buildActionMask = 2147483647;
			files = (
			);
			inputFileListPaths = (
			);
			inputPaths = (
				"${PODS_PODFILE_DIR_PATH}/Podfile.lock",
				"${PODS_ROOT}/Manifest.lock",
			);
			name = "[CP] Check Pods Manifest.lock";
			outputFileListPaths = (
			);
			outputPaths = (
				"$(DERIVED_FILE_DIR)/Pods-SampleChatApp-checkManifestLockResult.txt",
			);
			runOnlyForDeploymentPostprocessing = 0;
			shellPath = /bin/sh;
			shellScript = "diff \"${PODS_PODFILE_DIR_PATH}/Podfile.lock\" \"${PODS_ROOT}/Manifest.lock\" > /dev/null\nif [ $? != 0 ] ; then\n    # print error to STDERR\n    echo \"error: The sandbox is not in sync with the Podfile.lock. Run 'pod install' or update your CocoaPods installation.\" >&2\n    exit 1\nfi\n# This output is used by Xcode 'outputs' to avoid re-running this script phase.\necho \"SUCCESS\" > \"${SCRIPT_OUTPUT_FILE_0}\"\n";
			showEnvVarsInLog = 0;
		};
/* End PBXShellScriptBuildPhase section */

/* Begin PBXSourcesBuildPhase section */
		40CF494222099AE500AEAFB5 /* Sources */ = {
			isa = PBXSourcesBuildPhase;
			buildActionMask = 2147483647;
			files = (
				40CF497B22099BDE00AEAFB5 /* PostViewController.swift in Sources */,
				40CF494C22099AE500AEAFB5 /* SignUpViewController.swift in Sources */,
				40CF494A22099AE500AEAFB5 /* AppDelegate.swift in Sources */,
				406AC4CE2209A3BA00E490F8 /* User.swift in Sources */,
				40CF497922099BD600AEAFB5 /* ShowViewController.swift in Sources */,
			);
			runOnlyForDeploymentPostprocessing = 0;
		};
		40CF495622099AE700AEAFB5 /* Sources */ = {
			isa = PBXSourcesBuildPhase;
			buildActionMask = 2147483647;
			files = (
				40CF495F22099AE700AEAFB5 /* SampleChatAppTests.swift in Sources */,
			);
			runOnlyForDeploymentPostprocessing = 0;
		};
		40CF496122099AE700AEAFB5 /* Sources */ = {
			isa = PBXSourcesBuildPhase;
			buildActionMask = 2147483647;
			files = (
				40CF496A22099AE700AEAFB5 /* SampleChatAppUITests.swift in Sources */,
			);
			runOnlyForDeploymentPostprocessing = 0;
		};
/* End PBXSourcesBuildPhase section */

/* Begin PBXTargetDependency section */
		40CF495C22099AE700AEAFB5 /* PBXTargetDependency */ = {
			isa = PBXTargetDependency;
			target = 40CF494522099AE500AEAFB5 /* SampleChatApp */;
			targetProxy = 40CF495B22099AE700AEAFB5 /* PBXContainerItemProxy */;
		};
		40CF496722099AE700AEAFB5 /* PBXTargetDependency */ = {
			isa = PBXTargetDependency;
			target = 40CF494522099AE500AEAFB5 /* SampleChatApp */;
			targetProxy = 40CF496622099AE700AEAFB5 /* PBXContainerItemProxy */;
		};
/* End PBXTargetDependency section */

/* Begin PBXVariantGroup section */
		40CF494D22099AE500AEAFB5 /* Main.storyboard */ = {
			isa = PBXVariantGroup;
			children = (
				40CF494E22099AE500AEAFB5 /* Base */,
			);
			name = Main.storyboard;
			sourceTree = "<group>";
		};
		40CF495222099AE700AEAFB5 /* LaunchScreen.storyboard */ = {
			isa = PBXVariantGroup;
			children = (
				40CF495322099AE700AEAFB5 /* Base */,
			);
			name = LaunchScreen.storyboard;
			sourceTree = "<group>";
		};
/* End PBXVariantGroup section */

/* Begin XCBuildConfiguration section */
		40CF496C22099AE700AEAFB5 /* Debug */ = {
			isa = XCBuildConfiguration;
			buildSettings = {
				ALWAYS_SEARCH_USER_PATHS = NO;
				CLANG_ANALYZER_NONNULL = YES;
				CLANG_ANALYZER_NUMBER_OBJECT_CONVERSION = YES_AGGRESSIVE;
				CLANG_CXX_LANGUAGE_STANDARD = "gnu++14";
				CLANG_CXX_LIBRARY = "libc++";
				CLANG_ENABLE_MODULES = YES;
				CLANG_ENABLE_OBJC_ARC = YES;
				CLANG_ENABLE_OBJC_WEAK = YES;
				CLANG_WARN_BLOCK_CAPTURE_AUTORELEASING = YES;
				CLANG_WARN_BOOL_CONVERSION = YES;
				CLANG_WARN_COMMA = YES;
				CLANG_WARN_CONSTANT_CONVERSION = YES;
				CLANG_WARN_DEPRECATED_OBJC_IMPLEMENTATIONS = YES;
				CLANG_WARN_DIRECT_OBJC_ISA_USAGE = YES_ERROR;
				CLANG_WARN_DOCUMENTATION_COMMENTS = YES;
				CLANG_WARN_EMPTY_BODY = YES;
				CLANG_WARN_ENUM_CONVERSION = YES;
				CLANG_WARN_INFINITE_RECURSION = YES;
				CLANG_WARN_INT_CONVERSION = YES;
				CLANG_WARN_NON_LITERAL_NULL_CONVERSION = YES;
				CLANG_WARN_OBJC_IMPLICIT_RETAIN_SELF = YES;
				CLANG_WARN_OBJC_LITERAL_CONVERSION = YES;
				CLANG_WARN_OBJC_ROOT_CLASS = YES_ERROR;
				CLANG_WARN_RANGE_LOOP_ANALYSIS = YES;
				CLANG_WARN_STRICT_PROTOTYPES = YES;
				CLANG_WARN_SUSPICIOUS_MOVE = YES;
				CLANG_WARN_UNGUARDED_AVAILABILITY = YES_AGGRESSIVE;
				CLANG_WARN_UNREACHABLE_CODE = YES;
				CLANG_WARN__DUPLICATE_METHOD_MATCH = YES;
				CODE_SIGN_IDENTITY = "iPhone Developer";
				COPY_PHASE_STRIP = NO;
				DEBUG_INFORMATION_FORMAT = dwarf;
				ENABLE_STRICT_OBJC_MSGSEND = YES;
				ENABLE_TESTABILITY = YES;
				GCC_C_LANGUAGE_STANDARD = gnu11;
				GCC_DYNAMIC_NO_PIC = NO;
				GCC_NO_COMMON_BLOCKS = YES;
				GCC_OPTIMIZATION_LEVEL = 0;
				GCC_PREPROCESSOR_DEFINITIONS = (
					"DEBUG=1",
					"$(inherited)",
				);
				GCC_WARN_64_TO_32_BIT_CONVERSION = YES;
				GCC_WARN_ABOUT_RETURN_TYPE = YES_ERROR;
				GCC_WARN_UNDECLARED_SELECTOR = YES;
				GCC_WARN_UNINITIALIZED_AUTOS = YES_AGGRESSIVE;
				GCC_WARN_UNUSED_FUNCTION = YES;
				GCC_WARN_UNUSED_VARIABLE = YES;
				IPHONEOS_DEPLOYMENT_TARGET = 12.1;
				MTL_ENABLE_DEBUG_INFO = INCLUDE_SOURCE;
				MTL_FAST_MATH = YES;
				ONLY_ACTIVE_ARCH = YES;
				SDKROOT = iphoneos;
				SWIFT_ACTIVE_COMPILATION_CONDITIONS = DEBUG;
				SWIFT_OPTIMIZATION_LEVEL = "-Onone";
			};
			name = Debug;
		};
		40CF496D22099AE700AEAFB5 /* Release */ = {
			isa = XCBuildConfiguration;
			buildSettings = {
				ALWAYS_SEARCH_USER_PATHS = NO;
				CLANG_ANALYZER_NONNULL = YES;
				CLANG_ANALYZER_NUMBER_OBJECT_CONVERSION = YES_AGGRESSIVE;
				CLANG_CXX_LANGUAGE_STANDARD = "gnu++14";
				CLANG_CXX_LIBRARY = "libc++";
				CLANG_ENABLE_MODULES = YES;
				CLANG_ENABLE_OBJC_ARC = YES;
				CLANG_ENABLE_OBJC_WEAK = YES;
				CLANG_WARN_BLOCK_CAPTURE_AUTORELEASING = YES;
				CLANG_WARN_BOOL_CONVERSION = YES;
				CLANG_WARN_COMMA = YES;
				CLANG_WARN_CONSTANT_CONVERSION = YES;
				CLANG_WARN_DEPRECATED_OBJC_IMPLEMENTATIONS = YES;
				CLANG_WARN_DIRECT_OBJC_ISA_USAGE = YES_ERROR;
				CLANG_WARN_DOCUMENTATION_COMMENTS = YES;
				CLANG_WARN_EMPTY_BODY = YES;
				CLANG_WARN_ENUM_CONVERSION = YES;
				CLANG_WARN_INFINITE_RECURSION = YES;
				CLANG_WARN_INT_CONVERSION = YES;
				CLANG_WARN_NON_LITERAL_NULL_CONVERSION = YES;
				CLANG_WARN_OBJC_IMPLICIT_RETAIN_SELF = YES;
				CLANG_WARN_OBJC_LITERAL_CONVERSION = YES;
				CLANG_WARN_OBJC_ROOT_CLASS = YES_ERROR;
				CLANG_WARN_RANGE_LOOP_ANALYSIS = YES;
				CLANG_WARN_STRICT_PROTOTYPES = YES;
				CLANG_WARN_SUSPICIOUS_MOVE = YES;
				CLANG_WARN_UNGUARDED_AVAILABILITY = YES_AGGRESSIVE;
				CLANG_WARN_UNREACHABLE_CODE = YES;
				CLANG_WARN__DUPLICATE_METHOD_MATCH = YES;
				CODE_SIGN_IDENTITY = "iPhone Developer";
				COPY_PHASE_STRIP = NO;
				DEBUG_INFORMATION_FORMAT = "dwarf-with-dsym";
				ENABLE_NS_ASSERTIONS = NO;
				ENABLE_STRICT_OBJC_MSGSEND = YES;
				GCC_C_LANGUAGE_STANDARD = gnu11;
				GCC_NO_COMMON_BLOCKS = YES;
				GCC_WARN_64_TO_32_BIT_CONVERSION = YES;
				GCC_WARN_ABOUT_RETURN_TYPE = YES_ERROR;
				GCC_WARN_UNDECLARED_SELECTOR = YES;
				GCC_WARN_UNINITIALIZED_AUTOS = YES_AGGRESSIVE;
				GCC_WARN_UNUSED_FUNCTION = YES;
				GCC_WARN_UNUSED_VARIABLE = YES;
				IPHONEOS_DEPLOYMENT_TARGET = 12.1;
				MTL_ENABLE_DEBUG_INFO = NO;
				MTL_FAST_MATH = YES;
				SDKROOT = iphoneos;
				SWIFT_COMPILATION_MODE = wholemodule;
				SWIFT_OPTIMIZATION_LEVEL = "-O";
				VALIDATE_PRODUCT = YES;
			};
			name = Release;
		};
		40CF496F22099AE700AEAFB5 /* Debug */ = {
			isa = XCBuildConfiguration;
			baseConfigurationReference = E9E6579FB52DD49A91709EFA /* Pods-SampleChatApp.debug.xcconfig */;
			buildSettings = {
				ASSETCATALOG_COMPILER_APPICON_NAME = AppIcon;
				CODE_SIGN_STYLE = Automatic;
				INFOPLIST_FILE = SampleChatApp/Info.plist;
				LD_RUNPATH_SEARCH_PATHS = (
					"$(inherited)",
					"@executable_path/Frameworks",
				);
				PRODUCT_BUNDLE_IDENTIFIER = marina.SampleChatApp;
				PRODUCT_NAME = "$(TARGET_NAME)";
				SWIFT_VERSION = 4.2;
				TARGETED_DEVICE_FAMILY = "1,2";
			};
			name = Debug;
		};
		40CF497022099AE700AEAFB5 /* Release */ = {
			isa = XCBuildConfiguration;
			baseConfigurationReference = 546D333760860F862A8EFF11 /* Pods-SampleChatApp.release.xcconfig */;
			buildSettings = {
				ASSETCATALOG_COMPILER_APPICON_NAME = AppIcon;
				CODE_SIGN_STYLE = Automatic;
				INFOPLIST_FILE = SampleChatApp/Info.plist;
				LD_RUNPATH_SEARCH_PATHS = (
					"$(inherited)",
					"@executable_path/Frameworks",
				);
				PRODUCT_BUNDLE_IDENTIFIER = marina.SampleChatApp;
				PRODUCT_NAME = "$(TARGET_NAME)";
				SWIFT_VERSION = 4.2;
				TARGETED_DEVICE_FAMILY = "1,2";
			};
			name = Release;
		};
		40CF497222099AE700AEAFB5 /* Debug */ = {
			isa = XCBuildConfiguration;
			buildSettings = {
				ALWAYS_EMBED_SWIFT_STANDARD_LIBRARIES = YES;
				BUNDLE_LOADER = "$(TEST_HOST)";
				CODE_SIGN_STYLE = Automatic;
				INFOPLIST_FILE = SampleChatAppTests/Info.plist;
				LD_RUNPATH_SEARCH_PATHS = (
					"$(inherited)",
					"@executable_path/Frameworks",
					"@loader_path/Frameworks",
				);
				PRODUCT_BUNDLE_IDENTIFIER = marina.SampleChatAppTests;
				PRODUCT_NAME = "$(TARGET_NAME)";
				SWIFT_VERSION = 4.2;
				TARGETED_DEVICE_FAMILY = "1,2";
				TEST_HOST = "$(BUILT_PRODUCTS_DIR)/SampleChatApp.app/SampleChatApp";
			};
			name = Debug;
		};
		40CF497322099AE700AEAFB5 /* Release */ = {
			isa = XCBuildConfiguration;
			buildSettings = {
				ALWAYS_EMBED_SWIFT_STANDARD_LIBRARIES = YES;
				BUNDLE_LOADER = "$(TEST_HOST)";
				CODE_SIGN_STYLE = Automatic;
				INFOPLIST_FILE = SampleChatAppTests/Info.plist;
				LD_RUNPATH_SEARCH_PATHS = (
					"$(inherited)",
					"@executable_path/Frameworks",
					"@loader_path/Frameworks",
				);
				PRODUCT_BUNDLE_IDENTIFIER = marina.SampleChatAppTests;
				PRODUCT_NAME = "$(TARGET_NAME)";
				SWIFT_VERSION = 4.2;
				TARGETED_DEVICE_FAMILY = "1,2";
				TEST_HOST = "$(BUILT_PRODUCTS_DIR)/SampleChatApp.app/SampleChatApp";
			};
			name = Release;
		};
		40CF497522099AE700AEAFB5 /* Debug */ = {
			isa = XCBuildConfiguration;
			buildSettings = {
				ALWAYS_EMBED_SWIFT_STANDARD_LIBRARIES = YES;
				CODE_SIGN_STYLE = Automatic;
				INFOPLIST_FILE = SampleChatAppUITests/Info.plist;
				LD_RUNPATH_SEARCH_PATHS = (
					"$(inherited)",
					"@executable_path/Frameworks",
					"@loader_path/Frameworks",
				);
				PRODUCT_BUNDLE_IDENTIFIER = marina.SampleChatAppUITests;
				PRODUCT_NAME = "$(TARGET_NAME)";
				SWIFT_VERSION = 4.2;
				TARGETED_DEVICE_FAMILY = "1,2";
				TEST_TARGET_NAME = SampleChatApp;
			};
			name = Debug;
		};
		40CF497622099AE700AEAFB5 /* Release */ = {
			isa = XCBuildConfiguration;
			buildSettings = {
				ALWAYS_EMBED_SWIFT_STANDARD_LIBRARIES = YES;
				CODE_SIGN_STYLE = Automatic;
				INFOPLIST_FILE = SampleChatAppUITests/Info.plist;
				LD_RUNPATH_SEARCH_PATHS = (
					"$(inherited)",
					"@executable_path/Frameworks",
					"@loader_path/Frameworks",
				);
				PRODUCT_BUNDLE_IDENTIFIER = marina.SampleChatAppUITests;
				PRODUCT_NAME = "$(TARGET_NAME)";
				SWIFT_VERSION = 4.2;
				TARGETED_DEVICE_FAMILY = "1,2";
				TEST_TARGET_NAME = SampleChatApp;
			};
			name = Release;
		};
/* End XCBuildConfiguration section */

/* Begin XCConfigurationList section */
		40CF494122099AE500AEAFB5 /* Build configuration list for PBXProject "SampleChatApp" */ = {
			isa = XCConfigurationList;
			buildConfigurations = (
				40CF496C22099AE700AEAFB5 /* Debug */,
				40CF496D22099AE700AEAFB5 /* Release */,
			);
			defaultConfigurationIsVisible = 0;
			defaultConfigurationName = Release;
		};
		40CF496E22099AE700AEAFB5 /* Build configuration list for PBXNativeTarget "SampleChatApp" */ = {
			isa = XCConfigurationList;
			buildConfigurations = (
				40CF496F22099AE700AEAFB5 /* Debug */,
				40CF497022099AE700AEAFB5 /* Release */,
			);
			defaultConfigurationIsVisible = 0;
			defaultConfigurationName = Release;
		};
		40CF497122099AE700AEAFB5 /* Build configuration list for PBXNativeTarget "SampleChatAppTests" */ = {
			isa = XCConfigurationList;
			buildConfigurations = (
				40CF497222099AE700AEAFB5 /* Debug */,
				40CF497322099AE700AEAFB5 /* Release */,
			);
			defaultConfigurationIsVisible = 0;
			defaultConfigurationName = Release;
		};
		40CF497422099AE700AEAFB5 /* Build configuration list for PBXNativeTarget "SampleChatAppUITests" */ = {
			isa = XCConfigurationList;
			buildConfigurations = (
				40CF497522099AE700AEAFB5 /* Debug */,
				40CF497622099AE700AEAFB5 /* Release */,
			);
			defaultConfigurationIsVisible = 0;
			defaultConfigurationName = Release;
		};
/* End XCConfigurationList section */
	};
	rootObject = 40CF493E22099AE500AEAFB5 /* Project object */;
}
